
Microsoft Visual Studio Solution File, Format Version 12.00
# Visual Studio 15
VisualStudioVersion = 15.0.27703.2047
MinimumVisualStudioVersion = 10.0.40219.1
Project("{FAE04EC0-301F-11D3-BF4B-00C04F79EFBC}") = "TravelGuide", "TravelGuide\TravelGuide.csproj", "{CEB384B9-5FCC-468E-851A-0BFDDC9D46FF}"
EndProject
Global
	GlobalSection(SolutionConfigurationPlatforms) = preSolution
		Debug|Any CPU = Debug|Any CPU
		Release|Any CPU = Release|Any CPU
	EndGlobalSection
	GlobalSection(ProjectConfigurationPlatforms) = postSolution
		{CEB384B9-5FCC-468E-851A-0BFDDC9D46FF}.Debug|Any CPU.ActiveCfg = Debug|Any CPU
		{CEB384B9-5FCC-468E-851A-0BFDDC9D46FF}.Debug|Any CPU.Build.0 = Debug|Any CPU
		{CEB384B9-5FCC-468E-851A-0BFDDC9D46FF}.Release|Any CPU.ActiveCfg = Release|Any CPU
		{CEB384B9-5FCC-468E-851A-0BFDDC9D46FF}.Release|Any CPU.Build.0 = Release|Any CPU
	EndGlobalSection
	GlobalSection(SolutionProperties) = preSolution
		HideSolutionNode = FALSE
	EndGlobalSection
	GlobalSection(ExtensibilityGlobals) = postSolution
		SolutionGuid = {233215FB-0111-4901-9115-AADFD1F2569E}
	EndGlobalSection
EndGlobal
